[tool]
name = "my-credentials"
requires-python = ">=3.11"
resolution = { "lockfile-version" = "1.0" }

[[distribution]]
name = "beautifulsoup4"
version = "4.15.0"
source = { registry = "https://pypi.org/simple/" }
sdist = { hash = "sha256:233299965c9401262856cf654462d3732437488651455938829963f835a47416", url = "https://files.pythonhosted.org/packages/14/85/359724c25f6e49243714d86b143ce8f742235882099142d37444410a8593/beautifulsoup4-4.15.0.tar.gz" }
wheels = [
    { hash = "sha256:57456e734513436541557707a34234319134771450045314c5e69959609995c3", url = "https://files.pythonhosted.org/packages/c8/a2/c85e0455235621273d4393567354142b694537f48324414286148514911d/beautifulsoup4-4.15.0-py3-none-any.whl", tags = ["py3"] },
]

[[distribution]]
name = "jsonschema"
version = "4.26.0"
source = { registry = "https://pypi.org/simple/" }
sdist = { hash = "sha256:0c26707e2efad8aa1bfc5b7ce170f3fccc2e4918ff85989ba9ffa9facb2be326", url = "https://files.pythonhosted.org/packages/b3/fc/e067678238fa451312d4c62bf6e6cf5ec56375422aee02f9cb5f909b3047/jsonschema-4.26.0.tar.gz" }
wheels = [
    { hash = "sha256:d489f15263b8d200f8387e64b4c3a75f06629559fb73deb8fdfb525f2dab50ce", url = "https://files.pythonhosted.org/packages/69/90/f63fb5873511e014207a475e2bb4e8b2e570d655b00ac19a9a0ca0a385ee/jsonschema-4.26.0-py3-none-any.whl", tags = ["py3"] },
]

[[distribution]]
name = "pydantic"
version = "2.13.4"
source = { registry = "https://pypi.org/simple/" }
sdist = { hash = "sha256:9334664726775645796d56564414443767715443211f09782b30b7f7667f4261", url = "https://files.pythonhosted.org/packages/a6/87/135444288144335551873924400998418687c132447249014659262145/pydantic-2.13.4.tar.gz" }
wheels = [
    { hash = "sha256:45a282cde31d808236fd7ea9d919b128653c8b38b393d1c4ab335c62924d9aba", url = "https://files.pythonhosted.org/packages/fd/7b/122376b1fd3c62c1ed9dc80c931ace4844b3c55407b6fb2d199377c9736f/pydantic-2.13.4-py3-none-any.whl", tags = ["py3"] },
]

[[distribution]]
name = "requests"
version = "2.34.2"
source = { registry = "https://pypi.org/simple/" }
sdist = { hash = "sha256:2a0d60c172f83ac6ab31e4554906c0f3b3588d37b5cb939b1c061f4907e278e0", url = "https://files.pythonhosted.org/packages/a0/f4/c67b0b3f1b9245e8d266f0f112c500d50e5b4e83cb6f3b71b6528104182a/requests-2.34.2.tar.gz" }
wheels = [
    { hash = "sha256:8c384ba3e979480faae2859d3c5e6c1276dd2c3616e322e124d52c8cfc556f27", url = "https://files.pythonhosted.org/packages/72/6c/627f0d14e0348e94e880818862424e86f9777453505e4333b75e7a575050/requests-2.34.2-py3-none-any.whl", tags = ["py3"] },
]

[[distribution]]
name = "tiktoken"
version = "0.13.0"
source = { registry = "https://pypi.org/simple/" }
sdist = { hash = "sha256:c9435714c3a84c2319499de9a300c0e604449dd0799ff246458b3bb6a7f433c1", url = "https://files.pythonhosted.org/packages/e4/e5/5f3cb2159769d0f4324c0e9e87f9de3c4b1cd45848a96b2eb3566ad5ca77/tiktoken-0.13.0.tar.gz" }
wheels = [
    { hash = "sha256:4e2f67d27c9626cdd25fe33d9313c5cdb3d8d82da646b68d6eb8e7e9c20e6448", url = "https://files.pythonhosted.org/packages/64/39/1494321ed323ce7a14d88e3cd6cb9058625977df1c6961ddc492bd10a9f3/tiktoken-0.13.0-cp313-cp313-manylinux_2_28_x86_64.whl", tags = ["cp311", "cp313"] },
]
